
Microsoft Visual Studio Solution File, Format Version 12.00
# Visual Studio Version 16
VisualStudioVersion = 16.0.31624.102
MinimumVisualStudioVersion = 10.0.40219.1
Project("{8BC9CEB8-8B4A-11D0-8D11-00A0C91BC942}") = "GemsProject01", "GemsProject01\GemsProject01.vcxproj", "{A20A8880-B934-4A5F-B620-445AA70D30AC}"
EndProject
Global
	GlobalSection(SolutionConfigurationPlatforms) = preSolution
		Debug|x64 = Debug|x64
		Debug|x86 = Debug|x86
		Release|x64 = Release|x64
		Release|x86 = Release|x86
	EndGlobalSection
	GlobalSection(ProjectConfigurationPlatforms) = postSolution
		{A20A8880-B934-4A5F-B620-445AA70D30AC}.Debug|x64.ActiveCfg = Debug|x64
		{A20A8880-B934-4A5F-B620-445AA70D30AC}.Debug|x64.Build.0 = Debug|x64
		{A20A8880-B934-4A5F-B620-445AA70D30AC}.Debug|x86.ActiveCfg = Debug|Win32
		{A20A8880-B934-4A5F-B620-445AA70D30AC}.Debug|x86.Build.0 = Debug|Win32
		{A20A8880-B934-4A5F-B620-445AA70D30AC}.Release|x64.ActiveCfg = Release|x64
		{A20A8880-B934-4A5F-B620-445AA70D30AC}.Release|x64.Build.0 = Release|x64
		{A20A8880-B934-4A5F-B620-445AA70D30AC}.Release|x86.ActiveCfg = Release|Win32
		{A20A8880-B934-4A5F-B620-445AA70D30AC}.Release|x86.Build.0 = Release|Win32
	EndGlobalSection
	GlobalSection(SolutionProperties) = preSolution
		HideSolutionNode = FALSE
	EndGlobalSection
	GlobalSection(ExtensibilityGlobals) = postSolution
		SolutionGuid = {D8FFB734-8ECC-4213-88A7-B8B100A252A8}
	EndGlobalSection
EndGlobal
