<?xml version="1.0" encoding="utf-8"?>
<Project ToolsVersion="4.0" xmlns="http://schemas.microsoft.com/developer/msbuild/2003">
  <ItemGroup>
    <Filter Include="Source Files">
      <UniqueIdentifier>{f7abf76a-489e-4047-bdc9-1e719172b10e}</UniqueIdentifier>
    </Filter>
    <Filter Include="Win32">
      <UniqueIdentifier>{255f361b-b77d-49e0-a843-1dc451e97a29}</UniqueIdentifier>
    </Filter>
    <Filter Include="Cameras">
      <UniqueIdentifier>{b2ac2e56-1c88-4e19-8dca-62d45c9e42e5}</UniqueIdentifier>
    </Filter>
    <Filter Include="Global">
      <UniqueIdentifier>{6502a789-1c50-4f43-979b-e8be03645daa}</UniqueIdentifier>
    </Filter>
    <Filter Include="Graphics">
      <UniqueIdentifier>{23f3f941-ba7f-4881-a542-f9a88fefa7fb}</UniqueIdentifier>
    </Filter>
    <Filter Include="Graphics\Models">
      <UniqueIdentifier>{f5d3c437-520d-4cb3-85f4-dd3507ab08a0}</UniqueIdentifier>
    </Filter>
    <Filter Include="Graphics\Models\VAOManager">
      <UniqueIdentifier>{0e2ed442-1458-4ce7-91ac-fe521cc3402a}</UniqueIdentifier>
    </Filter>
    <Filter Include="Graphics\LightManager">
      <UniqueIdentifier>{1ffd7400-84cd-41ca-82de-cf20aad959cd}</UniqueIdentifier>
    </Filter>
    <Filter Include="Graphics\ShaderManager">
      <UniqueIdentifier>{88a1a820-973e-49e8-a050-870a0e3e8952}</UniqueIdentifier>
    </Filter>
    <Filter Include="Graphics\ShaderManager\Shaders">
      <UniqueIdentifier>{4bcf918b-033b-49cf-8467-2fffa556428b}</UniqueIdentifier>
    </Filter>
    <Filter Include="Input">
      <UniqueIdentifier>{bfd51c49-9dea-4d7e-a05f-3074cd08fe12}</UniqueIdentifier>
    </Filter>
    <Filter Include="Graphics\Textures">
      <UniqueIdentifier>{c4b0991b-83cb-4ee1-aa0e-dac2d768c9e6}</UniqueIdentifier>
    </Filter>
    <Filter Include="Graphics\Textures\Headers">
      <UniqueIdentifier>{c60719f3-310f-4292-acf8-f0b10a0a8dcb}</UniqueIdentifier>
    </Filter>
    <Filter Include="Old_Physics">
      <UniqueIdentifier>{3696aaf5-fde1-46c1-9fb5-880de4f85a67}</UniqueIdentifier>
    </Filter>
    <Filter Include="Old_Physics\Headers">
      <UniqueIdentifier>{cab662ad-5305-49a4-b43d-7df379cec3cf}</UniqueIdentifier>
    </Filter>
    <Filter Include="Old_Physics\Particles">
      <UniqueIdentifier>{4cce9e6b-3117-4bb2-91c9-553ec7559fba}</UniqueIdentifier>
    </Filter>
    <Filter Include="Old_Physics\Particles\Headers">
      <UniqueIdentifier>{343ce7ff-0ac5-4ff8-a949-c4b579908b32}</UniqueIdentifier>
    </Filter>
    <Filter Include="GameEngine">
      <UniqueIdentifier>{54b1c600-ee5b-4c55-9b6e-1ccb3086ba09}</UniqueIdentifier>
    </Filter>
    <Filter Include="Graphics\FBO">
      <UniqueIdentifier>{cf46654b-4242-40e2-9a58-405dfa286b6d}</UniqueIdentifier>
    </Filter>
    <Filter Include="Midterm">
      <UniqueIdentifier>{131d76de-2ffa-4306-b064-2af6c9e01f41}</UniqueIdentifier>
    </Filter>
    <Filter Include="Midterm\Containers">
      <UniqueIdentifier>{eba0335e-92f1-4fd9-9dba-585ca9347555}</UniqueIdentifier>
    </Filter>
    <Filter Include="Midterm\Populations">
      <UniqueIdentifier>{02c22def-9c13-4257-b98c-a6fa20e5f582}</UniqueIdentifier>
    </Filter>
  </ItemGroup>
  <ItemGroup>
    <ClCompile Include="..\common\glad.c">
      <Filter>Source Files</Filter>
    </ClCompile>
    <ClCompile Include="Main.cpp">
      <Filter>Source Files</Filter>
    </ClCompile>
    <ClCompile Include="Startup.cpp">
      <Filter>Global</Filter>
    </ClCompile>
    <ClCompile Include="..\common\include\Graphics\cVAOManager.cpp">
      <Filter>Graphics\Models\VAOManager</Filter>
    </ClCompile>
    <ClCompile Include="..\common\include\Graphics\cShader.cpp">
      <Filter>Graphics\ShaderManager</Filter>
    </ClCompile>
    <ClCompile Include="..\common\include\Graphics\cShaderManager.cpp">
      <Filter>Graphics\ShaderManager</Filter>
    </ClCompile>
    <ClCompile Include="..\common\include\Graphics\cLightHelper.cpp">
      <Filter>Graphics\LightManager</Filter>
    </ClCompile>
    <ClCompile Include="..\common\include\Graphics\cLightManager.cpp">
      <Filter>Graphics\LightManager</Filter>
    </ClCompile>
    <ClCompile Include="Shutdown.cpp">
      <Filter>Global</Filter>
    </ClCompile>
    <ClCompile Include="..\common\include\FlyCamera\cFlyCamera.cpp">
      <Filter>Cameras</Filter>
    </ClCompile>
    <ClCompile Include="cWinContextMenu.cpp">
      <Filter>Win32</Filter>
    </ClCompile>
    <ClCompile Include="globals.cpp">
      <Filter>Global</Filter>
    </ClCompile>
    <ClCompile Include="cMesh.cpp">
      <Filter>Graphics</Filter>
    </ClCompile>
    <ClCompile Include="GLFW_error_callback.cpp">
      <Filter>Input</Filter>
    </ClCompile>
    <ClCompile Include="GLFW_key_callback.cpp">
      <Filter>Input</Filter>
    </ClCompile>
    <ClCompile Include="InputHandling.cpp">
      <Filter>Input</Filter>
    </ClCompile>
    <ClCompile Include="cGFLWKeyboardModifiers.cpp">
      <Filter>Input</Filter>
    </ClCompile>
    <ClCompile Include="DrawObject_function.cpp">
      <Filter>Source Files</Filter>
    </ClCompile>
    <ClCompile Include="TextureMapping\C24BitBMPpixel.cpp">
      <Filter>Graphics\Textures</Filter>
    </ClCompile>
    <ClCompile Include="TextureMapping\cBasicTextureManager.cpp">
      <Filter>Graphics\Textures</Filter>
    </ClCompile>
    <ClCompile Include="TextureMapping\CTextureFromBMP.cpp">
      <Filter>Graphics\Textures</Filter>
    </ClCompile>
    <ClCompile Include="TextureMapping\lodepng.cpp">
      <Filter>Graphics\Textures</Filter>
    </ClCompile>
    <ClCompile Include="..\common\include\Physics\cGravityGenerator.cpp">
      <Filter>Old_Physics</Filter>
    </ClCompile>
    <ClCompile Include="..\common\include\Physics\cMathHelper.cpp">
      <Filter>Old_Physics</Filter>
    </ClCompile>
    <ClCompile Include="..\common\include\Physics\cWorldSpace.cpp">
      <Filter>Old_Physics</Filter>
    </ClCompile>
    <ClCompile Include="..\common\include\Physics\cParticle.cpp">
      <Filter>Old_Physics\Particles</Filter>
    </ClCompile>
    <ClCompile Include="..\common\include\Physics\cParticleContact.cpp">
      <Filter>Old_Physics\Particles</Filter>
    </ClCompile>
    <ClCompile Include="..\common\include\Physics\cParticleContactResolver.cpp">
      <Filter>Old_Physics\Particles</Filter>
    </ClCompile>
    <ClCompile Include="..\common\include\Physics\cParticleForceRegistry.cpp">
      <Filter>Old_Physics\Particles</Filter>
    </ClCompile>
    <ClCompile Include="..\common\include\Physics\cParticleParticleContactGenerator.cpp">
      <Filter>Old_Physics\Particles</Filter>
    </ClCompile>
    <ClCompile Include="..\common\include\Physics\cParticleWorld.cpp">
      <Filter>Old_Physics\Particles</Filter>
    </ClCompile>
    <ClCompile Include="..\common\include\Physics\cPlaneParticleContactGenerator.cpp">
      <Filter>Old_Physics\Particles</Filter>
    </ClCompile>
    <ClCompile Include="cGameEngine.cpp">
      <Filter>GameEngine</Filter>
    </ClCompile>
    <ClCompile Include="cFBO\cFBO.cpp">
      <Filter>Graphics\FBO</Filter>
    </ClCompile>
    <ClCompile Include="cMazeMaker.cpp">
      <Filter>Midterm</Filter>
    </ClCompile>
    <ClCompile Include="cPlant.cpp">
      <Filter>Midterm\Populations</Filter>
    </ClCompile>
    <ClCompile Include="cEcosystemManager.cpp">
      <Filter>Midterm</Filter>
    </ClCompile>
    <ClCompile Include="cAnimal.cpp">
      <Filter>Midterm\Populations</Filter>
    </ClCompile>
    <ClCompile Include="cHerbivore.cpp">
      <Filter>Midterm\Populations</Filter>
    </ClCompile>
    <ClCompile Include="cCarnivore.cpp">
      <Filter>Midterm\Populations</Filter>
    </ClCompile>
    <ClCompile Include="sAnimalThreadDesc.cpp">
      <Filter>Midterm\Populations</Filter>
    </ClCompile>
  </ItemGroup>
  <ItemGroup>
    <ClInclude Include="globals.h">
      <Filter>Global</Filter>
    </ClInclude>
    <ClInclude Include="..\common\include\Graphics\cVAOManager.h">
      <Filter>Graphics\Models\VAOManager</Filter>
    </ClInclude>
    <ClInclude Include="..\common\include\Graphics\sVertex_types.h">
      <Filter>Graphics</Filter>
    </ClInclude>
    <ClInclude Include="..\common\include\Graphics\GLCommon.h">
      <Filter>Graphics</Filter>
    </ClInclude>
    <ClInclude Include="..\common\include\Graphics\cShaderManager.h">
      <Filter>Graphics\ShaderManager</Filter>
    </ClInclude>
    <ClInclude Include="..\common\include\Graphics\cLightHelper.h">
      <Filter>Graphics\LightManager</Filter>
    </ClInclude>
    <ClInclude Include="..\common\include\Graphics\cLightManager.h">
      <Filter>Graphics\LightManager</Filter>
    </ClInclude>
    <ClInclude Include="..\common\include\FlyCamera\iCamera.h">
      <Filter>Cameras</Filter>
    </ClInclude>
    <ClInclude Include="..\common\include\FlyCamera\cFlyCamera.h">
      <Filter>Cameras</Filter>
    </ClInclude>
    <ClInclude Include="cWinContextMenu.h">
      <Filter>Win32</Filter>
    </ClInclude>
    <ClInclude Include="cMesh.h">
      <Filter>Graphics</Filter>
    </ClInclude>
    <ClInclude Include="TextureMapping\C24BitBMPpixel.h">
      <Filter>Graphics\Textures\Headers</Filter>
    </ClInclude>
    <ClInclude Include="TextureMapping\cBasicTextureManager.h">
      <Filter>Graphics\Textures\Headers</Filter>
    </ClInclude>
    <ClInclude Include="TextureMapping\CTextureFromBMP.h">
      <Filter>Graphics\Textures\Headers</Filter>
    </ClInclude>
    <ClInclude Include="TextureMapping\lodepng.h">
      <Filter>Graphics\Textures\Headers</Filter>
    </ClInclude>
    <ClInclude Include="..\common\include\Physics\cGravityGenerator.h">
      <Filter>Old_Physics\Headers</Filter>
    </ClInclude>
    <ClInclude Include="..\common\include\Physics\cMathHelper.h">
      <Filter>Old_Physics\Headers</Filter>
    </ClInclude>
    <ClInclude Include="..\common\include\Physics\cWorldSpace.h">
      <Filter>Old_Physics\Headers</Filter>
    </ClInclude>
    <ClInclude Include="..\common\include\Physics\extern_includes.h">
      <Filter>Old_Physics\Headers</Filter>
    </ClInclude>
    <ClInclude Include="..\common\include\Physics\iForceGenerator.h">
      <Filter>Old_Physics\Headers</Filter>
    </ClInclude>
    <ClInclude Include="..\common\include\Physics\cParticle.h">
      <Filter>Old_Physics\Particles\Headers</Filter>
    </ClInclude>
    <ClInclude Include="..\common\include\Physics\cParticleContact.h">
      <Filter>Old_Physics\Particles\Headers</Filter>
    </ClInclude>
    <ClInclude Include="..\common\include\Physics\cParticleContactResolver.h">
      <Filter>Old_Physics\Particles\Headers</Filter>
    </ClInclude>
    <ClInclude Include="..\common\include\Physics\cParticleForceRegistry.h">
      <Filter>Old_Physics\Particles\Headers</Filter>
    </ClInclude>
    <ClInclude Include="..\common\include\Physics\cParticleParticleContactGenerator.h">
      <Filter>Old_Physics\Particles\Headers</Filter>
    </ClInclude>
    <ClInclude Include="..\common\include\Physics\cParticleWorld.h">
      <Filter>Old_Physics\Particles\Headers</Filter>
    </ClInclude>
    <ClInclude Include="..\common\include\Physics\cPlaneParticleContactGenerator.h">
      <Filter>Old_Physics\Particles\Headers</Filter>
    </ClInclude>
    <ClInclude Include="..\common\include\Physics\iParticleContactGenerator.h">
      <Filter>Old_Physics\Particles\Headers</Filter>
    </ClInclude>
    <ClInclude Include="..\common\include\Physics\sParticleTemplate.h">
      <Filter>Old_Physics\Particles\Headers</Filter>
    </ClInclude>
    <ClInclude Include="cGameEngine.h">
      <Filter>GameEngine</Filter>
    </ClInclude>
    <ClInclude Include="cFBO\cFBO.h">
      <Filter>Graphics\FBO</Filter>
    </ClInclude>
    <ClInclude Include="cMazeMaker.h">
      <Filter>Midterm</Filter>
    </ClInclude>
    <ClInclude Include="cEcosystemManager.h">
      <Filter>Midterm</Filter>
    </ClInclude>
    <ClInclude Include="..\common\include\Containers\cCurtArray.h">
      <Filter>Midterm\Containers</Filter>
    </ClInclude>
    <ClInclude Include="cPlant.h">
      <Filter>Midterm\Populations</Filter>
    </ClInclude>
    <ClInclude Include="globalFunctions.h">
      <Filter>Global</Filter>
    </ClInclude>
    <ClInclude Include="iAnimal.h">
      <Filter>Midterm\Populations</Filter>
    </ClInclude>
    <ClInclude Include="cHerbivore.h">
      <Filter>Midterm\Populations</Filter>
    </ClInclude>
    <ClInclude Include="cAnimal.h">
      <Filter>Midterm\Populations</Filter>
    </ClInclude>
    <ClInclude Include="cCarnivore.h">
      <Filter>Midterm\Populations</Filter>
    </ClInclude>
  </ItemGroup>
  <ItemGroup>
    <None Include="assets\shaders\fragShader_01.glsl">
      <Filter>Graphics\ShaderManager\Shaders</Filter>
    </None>
    <None Include="assets\shaders\vertShader_01.glsl">
      <Filter>Graphics\ShaderManager\Shaders</Filter>
    </None>
  </ItemGroup>
</Project>