<?xml version="1.0" encoding="utf-8"?>
<Project ToolsVersion="4.0" xmlns="http://schemas.microsoft.com/developer/msbuild/2003">
  <ItemGroup>
    <Filter Include="Source Files">
      <UniqueIdentifier>{f7abf76a-489e-4047-bdc9-1e719172b10e}</UniqueIdentifier>
    </Filter>
    <Filter Include="Win32">
      <UniqueIdentifier>{255f361b-b77d-49e0-a843-1dc451e97a29}</UniqueIdentifier>
    </Filter>
    <Filter Include="Cameras">
      <UniqueIdentifier>{b2ac2e56-1c88-4e19-8dca-62d45c9e42e5}</UniqueIdentifier>
    </Filter>
    <Filter Include="Global">
      <UniqueIdentifier>{6502a789-1c50-4f43-979b-e8be03645daa}</UniqueIdentifier>
    </Filter>
    <Filter Include="Graphics">
      <UniqueIdentifier>{23f3f941-ba7f-4881-a542-f9a88fefa7fb}</UniqueIdentifier>
    </Filter>
    <Filter Include="Graphics\Models">
      <UniqueIdentifier>{f5d3c437-520d-4cb3-85f4-dd3507ab08a0}</UniqueIdentifier>
    </Filter>
    <Filter Include="Graphics\Models\VAOManager">
      <UniqueIdentifier>{0e2ed442-1458-4ce7-91ac-fe521cc3402a}</UniqueIdentifier>
    </Filter>
    <Filter Include="Graphics\LightManager">
      <UniqueIdentifier>{1ffd7400-84cd-41ca-82de-cf20aad959cd}</UniqueIdentifier>
    </Filter>
    <Filter Include="Graphics\ShaderManager">
      <UniqueIdentifier>{88a1a820-973e-49e8-a050-870a0e3e8952}</UniqueIdentifier>
    </Filter>
    <Filter Include="Graphics\ShaderManager\Shaders">
      <UniqueIdentifier>{4bcf918b-033b-49cf-8467-2fffa556428b}</UniqueIdentifier>
    </Filter>
    <Filter Include="Input">
      <UniqueIdentifier>{bfd51c49-9dea-4d7e-a05f-3074cd08fe12}</UniqueIdentifier>
    </Filter>
    <Filter Include="Graphics\Textures">
      <UniqueIdentifier>{c4b0991b-83cb-4ee1-aa0e-dac2d768c9e6}</UniqueIdentifier>
    </Filter>
    <Filter Include="Graphics\Textures\Headers">
      <UniqueIdentifier>{c60719f3-310f-4292-acf8-f0b10a0a8dcb}</UniqueIdentifier>
    </Filter>
    <Filter Include="GameEngine">
      <UniqueIdentifier>{54b1c600-ee5b-4c55-9b6e-1ccb3086ba09}</UniqueIdentifier>
    </Filter>
    <Filter Include="Graphics\FBO">
      <UniqueIdentifier>{cf46654b-4242-40e2-9a58-405dfa286b6d}</UniqueIdentifier>
    </Filter>
    <Filter Include="Animation">
      <UniqueIdentifier>{fad7f8fb-50e9-4638-b277-ae530fff8693}</UniqueIdentifier>
    </Filter>
    <Filter Include="Animation\Commands">
      <UniqueIdentifier>{29f3481e-1219-49af-aeee-8f2966f7399c}</UniqueIdentifier>
    </Filter>
    <Filter Include="GameEngine\Managers">
      <UniqueIdentifier>{c0ad0868-b17f-4281-9f95-ccfe60372241}</UniqueIdentifier>
    </Filter>
    <Filter Include="Enums">
      <UniqueIdentifier>{0da35024-a0d7-4067-8f02-a51d687d098d}</UniqueIdentifier>
    </Filter>
    <Filter Include="GameJam">
      <UniqueIdentifier>{082fc5a2-54e9-440d-836c-a642b577b9de}</UniqueIdentifier>
    </Filter>
    <Filter Include="Graphics\FrustumCulling">
      <UniqueIdentifier>{f2cedfdc-e3a6-4656-afa2-caa113670643}</UniqueIdentifier>
    </Filter>
    <Filter Include="GameJam\Events">
      <UniqueIdentifier>{d5b92016-d5d5-40c1-93cf-1ec5385b9145}</UniqueIdentifier>
    </Filter>
    <Filter Include="Animation\States">
      <UniqueIdentifier>{869b0e94-4f43-4503-8137-ae0e9d49dfdb}</UniqueIdentifier>
    </Filter>
  </ItemGroup>
  <ItemGroup>
    <ClCompile Include="..\common\glad.c">
      <Filter>Source Files</Filter>
    </ClCompile>
    <ClCompile Include="Main.cpp">
      <Filter>Source Files</Filter>
    </ClCompile>
    <ClCompile Include="Startup.cpp">
      <Filter>Global</Filter>
    </ClCompile>
    <ClCompile Include="..\common\include\Graphics\cVAOManager.cpp">
      <Filter>Graphics\Models\VAOManager</Filter>
    </ClCompile>
    <ClCompile Include="..\common\include\Graphics\cShader.cpp">
      <Filter>Graphics\ShaderManager</Filter>
    </ClCompile>
    <ClCompile Include="..\common\include\Graphics\cShaderManager.cpp">
      <Filter>Graphics\ShaderManager</Filter>
    </ClCompile>
    <ClCompile Include="..\common\include\Graphics\cLightHelper.cpp">
      <Filter>Graphics\LightManager</Filter>
    </ClCompile>
    <ClCompile Include="..\common\include\Graphics\cLightManager.cpp">
      <Filter>Graphics\LightManager</Filter>
    </ClCompile>
    <ClCompile Include="Shutdown.cpp">
      <Filter>Global</Filter>
    </ClCompile>
    <ClCompile Include="..\common\include\FlyCamera\cFlyCamera.cpp">
      <Filter>Cameras</Filter>
    </ClCompile>
    <ClCompile Include="cWinContextMenu.cpp">
      <Filter>Win32</Filter>
    </ClCompile>
    <ClCompile Include="globals.cpp">
      <Filter>Global</Filter>
    </ClCompile>
    <ClCompile Include="GLFW_error_callback.cpp">
      <Filter>Input</Filter>
    </ClCompile>
    <ClCompile Include="GLFW_key_callback.cpp">
      <Filter>Input</Filter>
    </ClCompile>
    <ClCompile Include="InputHandling.cpp">
      <Filter>Input</Filter>
    </ClCompile>
    <ClCompile Include="cGFLWKeyboardModifiers.cpp">
      <Filter>Input</Filter>
    </ClCompile>
    <ClCompile Include="DrawObject_function.cpp">
      <Filter>Source Files</Filter>
    </ClCompile>
    <ClCompile Include="TextureMapping\C24BitBMPpixel.cpp">
      <Filter>Graphics\Textures</Filter>
    </ClCompile>
    <ClCompile Include="TextureMapping\cBasicTextureManager.cpp">
      <Filter>Graphics\Textures</Filter>
    </ClCompile>
    <ClCompile Include="TextureMapping\CTextureFromBMP.cpp">
      <Filter>Graphics\Textures</Filter>
    </ClCompile>
    <ClCompile Include="TextureMapping\lodepng.cpp">
      <Filter>Graphics\Textures</Filter>
    </ClCompile>
    <ClCompile Include="cGameEngine.cpp">
      <Filter>GameEngine</Filter>
    </ClCompile>
    <ClCompile Include="cFBO\cFBO.cpp">
      <Filter>Graphics\FBO</Filter>
    </ClCompile>
    <ClCompile Include="..\common\include\Graphics\AssimpModel.cpp">
      <Filter>Graphics\Models</Filter>
    </ClCompile>
    <ClCompile Include="..\common\include\Animation\AnimationSequence.cpp">
      <Filter>Animation</Filter>
    </ClCompile>
    <ClCompile Include="..\common\include\Animation\AnimationSystem.cpp">
      <Filter>Animation</Filter>
    </ClCompile>
    <ClCompile Include="..\common\include\Animation\BoneSystem.cpp">
      <Filter>Animation</Filter>
    </ClCompile>
    <ClCompile Include="..\common\include\Animation\cBone.cpp">
      <Filter>Animation</Filter>
    </ClCompile>
    <ClCompile Include="..\common\include\Animation\cCommand_ConsoleOutput.cpp">
      <Filter>Animation\Commands</Filter>
    </ClCompile>
    <ClCompile Include="..\common\include\Animation\cCommand_PlaySound.cpp">
      <Filter>Animation\Commands</Filter>
    </ClCompile>
    <ClCompile Include="..\common\include\cEntity.cpp">
      <Filter>GameEngine</Filter>
    </ClCompile>
    <ClCompile Include="..\common\include\Graphics\MeshData.cpp">
      <Filter>Graphics\Models</Filter>
    </ClCompile>
    <ClCompile Include="..\common\include\Conversion.cpp">
      <Filter>GameEngine</Filter>
    </ClCompile>
    <ClCompile Include="..\common\include\cMesh.cpp">
      <Filter>Graphics</Filter>
    </ClCompile>
    <ClCompile Include="..\common\include\Animation\AudioManager.cpp">
      <Filter>GameEngine\Managers</Filter>
    </ClCompile>
    <ClCompile Include="EntityManager.cpp">
      <Filter>GameEngine\Managers</Filter>
    </ClCompile>
    <ClCompile Include="GameplayManager.cpp">
      <Filter>GameEngine\Managers</Filter>
    </ClCompile>
    <ClCompile Include="cPropFactory.cpp">
      <Filter>GameJam</Filter>
    </ClCompile>
    <ClCompile Include="cProp.cpp">
      <Filter>GameJam</Filter>
    </ClCompile>
    <ClCompile Include="..\common\include\Graphics\cFrustumCullingHandler.cpp">
      <Filter>Graphics\FrustumCulling</Filter>
    </ClCompile>
    <ClCompile Include="cParticle.cpp">
      <Filter>GameJam</Filter>
    </ClCompile>
    <ClCompile Include="cParticleFactory.cpp">
      <Filter>GameJam</Filter>
    </ClCompile>
    <ClCompile Include="GameEvents.cpp">
      <Filter>GameJam\Events</Filter>
    </ClCompile>
    <ClCompile Include="AnimationStateMachine.cpp">
      <Filter>Animation\States</Filter>
    </ClCompile>
    <ClCompile Include="cCharacter.cpp">
      <Filter>GameJam</Filter>
    </ClCompile>
    <ClCompile Include="DecorationManager.cpp">
      <Filter>GameEngine\Managers</Filter>
    </ClCompile>
    <ClCompile Include="cPlayerProxy.cpp">
      <Filter>GameJam</Filter>
    </ClCompile>
    <ClCompile Include="cParticleEmitter.cpp">
      <Filter>GameJam</Filter>
    </ClCompile>
    <ClCompile Include="UIManager.cpp">
      <Filter>GameEngine\Managers</Filter>
    </ClCompile>
  </ItemGroup>
  <ItemGroup>
    <ClInclude Include="globals.h">
      <Filter>Global</Filter>
    </ClInclude>
    <ClInclude Include="..\common\include\Graphics\cVAOManager.h">
      <Filter>Graphics\Models\VAOManager</Filter>
    </ClInclude>
    <ClInclude Include="..\common\include\Graphics\sVertex_types.h">
      <Filter>Graphics</Filter>
    </ClInclude>
    <ClInclude Include="..\common\include\Graphics\GLCommon.h">
      <Filter>Graphics</Filter>
    </ClInclude>
    <ClInclude Include="..\common\include\Graphics\cShaderManager.h">
      <Filter>Graphics\ShaderManager</Filter>
    </ClInclude>
    <ClInclude Include="..\common\include\Graphics\cLightHelper.h">
      <Filter>Graphics\LightManager</Filter>
    </ClInclude>
    <ClInclude Include="..\common\include\Graphics\cLightManager.h">
      <Filter>Graphics\LightManager</Filter>
    </ClInclude>
    <ClInclude Include="..\common\include\FlyCamera\iCamera.h">
      <Filter>Cameras</Filter>
    </ClInclude>
    <ClInclude Include="..\common\include\FlyCamera\cFlyCamera.h">
      <Filter>Cameras</Filter>
    </ClInclude>
    <ClInclude Include="cWinContextMenu.h">
      <Filter>Win32</Filter>
    </ClInclude>
    <ClInclude Include="TextureMapping\C24BitBMPpixel.h">
      <Filter>Graphics\Textures\Headers</Filter>
    </ClInclude>
    <ClInclude Include="TextureMapping\cBasicTextureManager.h">
      <Filter>Graphics\Textures\Headers</Filter>
    </ClInclude>
    <ClInclude Include="TextureMapping\CTextureFromBMP.h">
      <Filter>Graphics\Textures\Headers</Filter>
    </ClInclude>
    <ClInclude Include="TextureMapping\lodepng.h">
      <Filter>Graphics\Textures\Headers</Filter>
    </ClInclude>
    <ClInclude Include="cGameEngine.h">
      <Filter>GameEngine</Filter>
    </ClInclude>
    <ClInclude Include="cFBO\cFBO.h">
      <Filter>Graphics\FBO</Filter>
    </ClInclude>
    <ClInclude Include="..\common\include\Graphics\AssimpModel.h">
      <Filter>Graphics\Models</Filter>
    </ClInclude>
    <ClInclude Include="..\common\include\Graphics\MeshData.h">
      <Filter>Graphics\Models</Filter>
    </ClInclude>
    <ClInclude Include="..\common\include\Animation\Animation.h">
      <Filter>Animation</Filter>
    </ClInclude>
    <ClInclude Include="..\common\include\Animation\AnimationSequence.h">
      <Filter>Animation</Filter>
    </ClInclude>
    <ClInclude Include="..\common\include\Animation\AnimationSystem.h">
      <Filter>Animation</Filter>
    </ClInclude>
    <ClInclude Include="..\common\include\Animation\BoneSystem.h">
      <Filter>Animation</Filter>
    </ClInclude>
    <ClInclude Include="..\common\include\Animation\cBone.h">
      <Filter>Animation</Filter>
    </ClInclude>
    <ClInclude Include="..\common\include\Animation\cBoneHierarchy.h">
      <Filter>Animation</Filter>
    </ClInclude>
    <ClInclude Include="..\common\include\Animation\cCommand_ConsoleOutput.h">
      <Filter>Animation\Commands</Filter>
    </ClInclude>
    <ClInclude Include="..\common\include\Animation\cCommand_PlaySound.h">
      <Filter>Animation\Commands</Filter>
    </ClInclude>
    <ClInclude Include="..\common\include\System.h">
      <Filter>Animation</Filter>
    </ClInclude>
    <ClInclude Include="..\common\include\cEntity.h">
      <Filter>GameEngine</Filter>
    </ClInclude>
    <ClInclude Include="..\common\include\Animation\Component.h">
      <Filter>Animation</Filter>
    </ClInclude>
    <ClInclude Include="..\common\include\Animation\iCommand.h">
      <Filter>Animation</Filter>
    </ClInclude>
    <ClInclude Include="..\common\include\Animation\KeyFrame.h">
      <Filter>Animation</Filter>
    </ClInclude>
    <ClInclude Include="..\common\include\Conversion.h">
      <Filter>GameEngine</Filter>
    </ClInclude>
    <ClInclude Include="..\common\include\cMesh.h">
      <Filter>Graphics</Filter>
    </ClInclude>
    <ClInclude Include="..\common\include\Animation\AudioManager.h">
      <Filter>GameEngine\Managers</Filter>
    </ClInclude>
    <ClInclude Include="EntityManager.h">
      <Filter>GameEngine\Managers</Filter>
    </ClInclude>
    <ClInclude Include="..\common\include\Animation\EasingType.h">
      <Filter>Enums</Filter>
    </ClInclude>
    <ClInclude Include="GameplayManager.h">
      <Filter>GameEngine\Managers</Filter>
    </ClInclude>
    <ClInclude Include="cProp.h">
      <Filter>GameJam</Filter>
    </ClInclude>
    <ClInclude Include="cPropFactory.h">
      <Filter>GameJam</Filter>
    </ClInclude>
    <ClInclude Include="propDefs.h">
      <Filter>GameJam</Filter>
    </ClInclude>
    <ClInclude Include="..\common\include\Graphics\sFrustum.h">
      <Filter>Graphics\FrustumCulling</Filter>
    </ClInclude>
    <ClInclude Include="..\common\include\Graphics\cFrustumCullingHandler.h">
      <Filter>Graphics\FrustumCulling</Filter>
    </ClInclude>
    <ClInclude Include="soundDefs.h">
      <Filter>GameJam</Filter>
    </ClInclude>
    <ClInclude Include="cParticle.h">
      <Filter>GameJam</Filter>
    </ClInclude>
    <ClInclude Include="cParticleFactory.h">
      <Filter>GameJam</Filter>
    </ClInclude>
    <ClInclude Include="particleDefs.h">
      <Filter>GameJam</Filter>
    </ClInclude>
    <ClInclude Include="cCharacter.h">
      <Filter>GameJam</Filter>
    </ClInclude>
    <ClInclude Include="GameEvents.h">
      <Filter>GameJam\Events</Filter>
    </ClInclude>
    <ClInclude Include="AnimationStates.h">
      <Filter>Animation\States</Filter>
    </ClInclude>
    <ClInclude Include="AnimationStateMachine.h">
      <Filter>Animation\States</Filter>
    </ClInclude>
    <ClInclude Include="DecorationManager.h">
      <Filter>GameEngine\Managers</Filter>
    </ClInclude>
    <ClInclude Include="cPlayerProxy.h">
      <Filter>GameJam</Filter>
    </ClInclude>
    <ClInclude Include="cParticleEmitter.h">
      <Filter>GameJam</Filter>
    </ClInclude>
    <ClInclude Include="globalFunctions.h">
      <Filter>Global</Filter>
    </ClInclude>
    <ClInclude Include="UIManager.h">
      <Filter>GameEngine\Managers</Filter>
    </ClInclude>
    <ClInclude Include="UIState.h">
      <Filter>Enums</Filter>
    </ClInclude>
    <ClInclude Include="resource.h" />
  </ItemGroup>
  <ItemGroup>
    <None Include="assets\shaders\fragShader_01.glsl">
      <Filter>Graphics\ShaderManager\Shaders</Filter>
    </None>
    <None Include="assets\shaders\vertShader_01.glsl">
      <Filter>Graphics\ShaderManager\Shaders</Filter>
    </None>
    <None Include="assimp-vc142-md.dll">
      <Filter>Graphics\Models</Filter>
    </None>
    <None Include="assimp-vc142-mdd.dll">
      <Filter>Graphics\Models</Filter>
    </None>
    <None Include="assimp-vc142-mt.dll">
      <Filter>Graphics\Models</Filter>
    </None>
    <None Include="assimp-vc142-mtd.dll">
      <Filter>Graphics\Models</Filter>
    </None>
    <None Include="assets\shaders\geomShader_01.glsl">
      <Filter>Graphics\ShaderManager\Shaders</Filter>
    </None>
  </ItemGroup>
  <ItemGroup>
    <ResourceCompile Include="GameJam.rc" />
  </ItemGroup>
  <ItemGroup>
    <Image Include="icon1.ico" />
  </ItemGroup>
</Project>